{
  "requires": true,
  "lockfileVersion": 1,
  "dependencies": {
    "argparse": {
      "version": "1.0.10",
      "resolved": "https://nexus.ci.genosity.com/repository/group-npm/argparse/-/argparse-1.0.10.tgz",
      "integrity": "sha512-o5Roy6tNG4SL/FOkCAN6RzjiakZS25RLYFrcMttJqbdd8BWrnA+fGz57iN5Pb06pvBGvl5gQ0B48dJlslXvoTg==",
      "requires": {
        "sprintf-js": "~1.0.2"
      }
    },
    "els-intl-addon": {
      "version": "1.0.2",
      "resolved": "https://nexus.ci.genosity.com/repository/group-npm/els-intl-addon/-/els-intl-addon-1.0.2.tgz",
      "integrity": "sha512-Vm31iuhnYKAZjMjk9i6t3/RaWTqWMZiX7XVo3ofppX+EqdGd79SOmbM/gYsW9RAh/0IGi4wNDlLI0K4HAVv2+Q==",
      "requires": {
        "flat": "^5.0.0",
        "js-yaml": "^3.13.1"
      }
    },
    "esprima": {
      "version": "4.0.1",
      "resolved": "https://nexus.ci.genosity.com/repository/group-npm/esprima/-/esprima-4.0.1.tgz",
      "integrity": "sha512-eGuFFw7Upda+g4p+QHvnW0RyTX/SVeJBDM/gCtMARO0cLuT2HcEKnTPvhjV6aGeqrCB/sbNop0Kszm0jsaWU4A=="
    },
    "flat": {
      "version": "5.0.0",
      "resolved": "https://nexus.ci.genosity.com/repository/group-npm/flat/-/flat-5.0.0.tgz",
      "integrity": "sha512-6KSMM+cHHzXC/hpldXApL2S8Uz+QZv+tq5o/L0KQYleoG+GcwrnIJhTWC7tCOiKQp8D/fIvryINU1OZCCwevjA==",
      "requires": {
        "is-buffer": "~2.0.4"
      }
    },
    "is-buffer": {
      "version": "2.0.4",
      "resolved": "https://nexus.ci.genosity.com/repository/group-npm/is-buffer/-/is-buffer-2.0.4.tgz",
      "integrity": "sha512-Kq1rokWXOPXWuaMAqZiJW4XxsmD9zGx9q4aePabbn3qCRGedtH7Cm+zV8WETitMfu1wdh+Rvd6w5egwSngUX2A=="
    },
    "js-yaml": {
      "version": "3.14.0",
      "resolved": "https://nexus.ci.genosity.com/repository/group-npm/js-yaml/-/js-yaml-3.14.0.tgz",
      "integrity": "sha512-/4IbIeHcD9VMHFqDR/gQ7EdZdLimOvW2DdcxFjdyyZ9NsbS+ccrXqVWDtab/lRl5AlUqmpBx8EhPaWR+OtY17A==",
      "requires": {
        "argparse": "^1.0.7",
        "esprima": "^4.0.0"
      }
    },
    "sprintf-js": {
      "version": "1.0.3",
      "resolved": "https://nexus.ci.genosity.com/repository/group-npm/sprintf-js/-/sprintf-js-1.0.3.tgz",
      "integrity": "sha1-BOaSb2YolTVPPdAVIDYzuFcpfiw="
    }
  }
}
